
Microsoft Visual Studio Solution File, Format Version 12.00
# Visual Studio Version 17
VisualStudioVersion = 17.3.32901.215
MinimumVisualStudioVersion = 10.0.40219.1
Project("{FAE04EC0-301F-11D3-BF4B-00C04F79EFBC}") = "listörnegi2_1504", "listörnegi2_1504\listörnegi2_1504.csproj", "{97BB0385-83D4-44D5-9FCC-6F3AC394ED01}"
EndProject
Global
	GlobalSection(SolutionConfigurationPlatforms) = preSolution
		Debug|Any CPU = Debug|Any CPU
		Release|Any CPU = Release|Any CPU
	EndGlobalSection
	GlobalSection(ProjectConfigurationPlatforms) = postSolution
		{97BB0385-83D4-44D5-9FCC-6F3AC394ED01}.Debug|Any CPU.ActiveCfg = Debug|Any CPU
		{97BB0385-83D4-44D5-9FCC-6F3AC394ED01}.Debug|Any CPU.Build.0 = Debug|Any CPU
		{97BB0385-83D4-44D5-9FCC-6F3AC394ED01}.Release|Any CPU.ActiveCfg = Release|Any CPU
		{97BB0385-83D4-44D5-9FCC-6F3AC394ED01}.Release|Any CPU.Build.0 = Release|Any CPU
	EndGlobalSection
	GlobalSection(SolutionProperties) = preSolution
		HideSolutionNode = FALSE
	EndGlobalSection
	GlobalSection(ExtensibilityGlobals) = postSolution
		SolutionGuid = {EA14F476-620F-4C55-9126-792D3518A23B}
	EndGlobalSection
EndGlobal
